
Microsoft Visual Studio Solution File, Format Version 12.00
# Visual Studio 14
VisualStudioVersion = 14.0.25420.1
MinimumVisualStudioVersion = 10.0.40219.1
Project("{FAE04EC0-301F-11D3-BF4B-00C04F79EFBC}") = "Ricardo15.Android", "Ricardo15\Ricardo15.Android\Ricardo15.Android.csproj", "{A8BE211D-265C-4F9D-958E-896C854C81B7}"
EndProject
Project("{FAE04EC0-301F-11D3-BF4B-00C04F79EFBC}") = "Ricardo15.iOS", "Ricardo15\Ricardo15.iOS\Ricardo15.iOS.csproj", "{73E26C8E-1697-40DD-AB45-444DB10761FD}"
EndProject
Project("{D954291E-2A0B-460D-934E-DC6B0785DB48}") = "Ricardo15", "Ricardo15\Ricardo15\Ricardo15.shproj", "{054F4D7F-9E07-4CDF-A98F-AACF006F847E}"
EndProject
Global
	GlobalSection(SharedMSBuildProjectFiles) = preSolution
		Ricardo15\Ricardo15\Ricardo15.projitems*{054f4d7f-9e07-4cdf-a98f-aacf006f847e}*SharedItemsImports = 13
		Ricardo15\Ricardo15\Ricardo15.projitems*{73e26c8e-1697-40dd-ab45-444db10761fd}*SharedItemsImports = 4
		Ricardo15\Ricardo15\Ricardo15.projitems*{a8be211d-265c-4f9d-958e-896c854c81b7}*SharedItemsImports = 4
	EndGlobalSection
	GlobalSection(SolutionConfigurationPlatforms) = preSolution
		Debug|Any CPU = Debug|Any CPU
		Debug|iPhone = Debug|iPhone
		Debug|iPhoneSimulator = Debug|iPhoneSimulator
		Release|Any CPU = Release|Any CPU
		Release|iPhone = Release|iPhone
		Release|iPhoneSimulator = Release|iPhoneSimulator
	EndGlobalSection
	GlobalSection(ProjectConfigurationPlatforms) = postSolution
		{A8BE211D-265C-4F9D-958E-896C854C81B7}.Debug|Any CPU.ActiveCfg = Debug|Any CPU
		{A8BE211D-265C-4F9D-958E-896C854C81B7}.Debug|Any CPU.Build.0 = Debug|Any CPU
		{A8BE211D-265C-4F9D-958E-896C854C81B7}.Debug|Any CPU.Deploy.0 = Debug|Any CPU
		{A8BE211D-265C-4F9D-958E-896C854C81B7}.Debug|iPhone.ActiveCfg = Debug|Any CPU
		{A8BE211D-265C-4F9D-958E-896C854C81B7}.Debug|iPhone.Build.0 = Debug|Any CPU
		{A8BE211D-265C-4F9D-958E-896C854C81B7}.Debug|iPhone.Deploy.0 = Debug|Any CPU
		{A8BE211D-265C-4F9D-958E-896C854C81B7}.Debug|iPhoneSimulator.ActiveCfg = Debug|Any CPU
		{A8BE211D-265C-4F9D-958E-896C854C81B7}.Release|Any CPU.ActiveCfg = Release|Any CPU
		{A8BE211D-265C-4F9D-958E-896C854C81B7}.Release|Any CPU.Build.0 = Release|Any CPU
		{A8BE211D-265C-4F9D-958E-896C854C81B7}.Release|Any CPU.Deploy.0 = Release|Any CPU
		{A8BE211D-265C-4F9D-958E-896C854C81B7}.Release|iPhone.ActiveCfg = Release|Any CPU
		{A8BE211D-265C-4F9D-958E-896C854C81B7}.Release|iPhone.Build.0 = Release|Any CPU
		{A8BE211D-265C-4F9D-958E-896C854C81B7}.Release|iPhone.Deploy.0 = Release|Any CPU
		{A8BE211D-265C-4F9D-958E-896C854C81B7}.Release|iPhoneSimulator.ActiveCfg = Release|Any CPU
		{A8BE211D-265C-4F9D-958E-896C854C81B7}.Release|iPhoneSimulator.Build.0 = Release|Any CPU
		{A8BE211D-265C-4F9D-958E-896C854C81B7}.Release|iPhoneSimulator.Deploy.0 = Release|Any CPU
		{73E26C8E-1697-40DD-AB45-444DB10761FD}.Debug|Any CPU.ActiveCfg = Debug|iPhoneSimulator
		{73E26C8E-1697-40DD-AB45-444DB10761FD}.Debug|Any CPU.Deploy.0 = Debug|iPhoneSimulator
		{73E26C8E-1697-40DD-AB45-444DB10761FD}.Debug|iPhone.ActiveCfg = Debug|iPhone
		{73E26C8E-1697-40DD-AB45-444DB10761FD}.Debug|iPhone.Build.0 = Debug|iPhone
		{73E26C8E-1697-40DD-AB45-444DB10761FD}.Debug|iPhone.Deploy.0 = Debug|iPhone
		{73E26C8E-1697-40DD-AB45-444DB10761FD}.Debug|iPhoneSimulator.ActiveCfg = Debug|iPhoneSimulator
		{73E26C8E-1697-40DD-AB45-444DB10761FD}.Debug|iPhoneSimulator.Build.0 = Debug|iPhoneSimulator
		{73E26C8E-1697-40DD-AB45-444DB10761FD}.Release|Any CPU.ActiveCfg = Release|iPhone
		{73E26C8E-1697-40DD-AB45-444DB10761FD}.Release|Any CPU.Build.0 = Release|iPhone
		{73E26C8E-1697-40DD-AB45-444DB10761FD}.Release|Any CPU.Deploy.0 = Release|iPhone
		{73E26C8E-1697-40DD-AB45-444DB10761FD}.Release|iPhone.ActiveCfg = Release|iPhone
		{73E26C8E-1697-40DD-AB45-444DB10761FD}.Release|iPhone.Build.0 = Release|iPhone
		{73E26C8E-1697-40DD-AB45-444DB10761FD}.Release|iPhone.Deploy.0 = Release|iPhone
		{73E26C8E-1697-40DD-AB45-444DB10761FD}.Release|iPhoneSimulator.ActiveCfg = Release|iPhoneSimulator
		{73E26C8E-1697-40DD-AB45-444DB10761FD}.Release|iPhoneSimulator.Build.0 = Release|iPhoneSimulator
		{73E26C8E-1697-40DD-AB45-444DB10761FD}.Release|iPhoneSimulator.Deploy.0 = Release|iPhoneSimulator
	EndGlobalSection
	GlobalSection(SolutionProperties) = preSolution
		HideSolutionNode = FALSE
	EndGlobalSection
EndGlobal
